
Microsoft Visual Studio Solution File, Format Version 12.00
# Visual Studio Version 17
VisualStudioVersion = 17.0.31912.275
MinimumVisualStudioVersion = 10.0.40219.1
Project("{FAE04EC0-301F-11D3-BF4B-00C04F79EFBC}") = "WeatherDegree.UWP", "WeatherDegree.UWP\WeatherDegree.UWP.csproj", "{EF17A738-E7A2-4F3F-8DA6-51B49C47525E}"
EndProject
Project("{FAE04EC0-301F-11D3-BF4B-00C04F79EFBC}") = "WeatherDegree.Android", "WeatherDegree.Android\WeatherDegree.Android.csproj", "{801569D7-2B31-4567-A00A-15DA44BD54F7}"
EndProject
Project("{FAE04EC0-301F-11D3-BF4B-00C04F79EFBC}") = "WeatherDegree.iOS", "WeatherDegree.iOS\WeatherDegree.iOS.csproj", "{616FB006-2564-4470-B542-9F540FA1C98F}"
EndProject
Project("{FAE04EC0-301F-11D3-BF4B-00C04F79EFBC}") = "WeatherDegree", "WeatherDegree\WeatherDegree.csproj", "{2A8368E7-7937-4B8C-96C3-8C9AB3D1A3A4}"
EndProject
Global
	GlobalSection(SolutionConfigurationPlatforms) = preSolution
		Debug|Any CPU = Debug|Any CPU
		Debug|ARM = Debug|ARM
		Debug|iPhone = Debug|iPhone
		Debug|iPhoneSimulator = Debug|iPhoneSimulator
		Debug|x64 = Debug|x64
		Debug|x86 = Debug|x86
		Release|Any CPU = Release|Any CPU
		Release|ARM = Release|ARM
		Release|iPhone = Release|iPhone
		Release|iPhoneSimulator = Release|iPhoneSimulator
		Release|x64 = Release|x64
		Release|x86 = Release|x86
	EndGlobalSection
	GlobalSection(ProjectConfigurationPlatforms) = postSolution
		{EF17A738-E7A2-4F3F-8DA6-51B49C47525E}.Debug|Any CPU.ActiveCfg = Debug|x64
		{EF17A738-E7A2-4F3F-8DA6-51B49C47525E}.Debug|Any CPU.Build.0 = Debug|x64
		{EF17A738-E7A2-4F3F-8DA6-51B49C47525E}.Debug|Any CPU.Deploy.0 = Debug|x64
		{EF17A738-E7A2-4F3F-8DA6-51B49C47525E}.Debug|ARM.ActiveCfg = Debug|ARM
		{EF17A738-E7A2-4F3F-8DA6-51B49C47525E}.Debug|ARM.Build.0 = Debug|ARM
		{EF17A738-E7A2-4F3F-8DA6-51B49C47525E}.Debug|ARM.Deploy.0 = Debug|ARM
		{EF17A738-E7A2-4F3F-8DA6-51B49C47525E}.Debug|iPhone.ActiveCfg = Debug|x64
		{EF17A738-E7A2-4F3F-8DA6-51B49C47525E}.Debug|iPhone.Build.0 = Debug|x64
		{EF17A738-E7A2-4F3F-8DA6-51B49C47525E}.Debug|iPhone.Deploy.0 = Debug|x64
		{EF17A738-E7A2-4F3F-8DA6-51B49C47525E}.Debug|iPhoneSimulator.ActiveCfg = Debug|x64
		{EF17A738-E7A2-4F3F-8DA6-51B49C47525E}.Debug|iPhoneSimulator.Build.0 = Debug|x64
		{EF17A738-E7A2-4F3F-8DA6-51B49C47525E}.Debug|iPhoneSimulator.Deploy.0 = Debug|x64
		{EF17A738-E7A2-4F3F-8DA6-51B49C47525E}.Debug|x64.ActiveCfg = Debug|x64
		{EF17A738-E7A2-4F3F-8DA6-51B49C47525E}.Debug|x64.Build.0 = Debug|x64
		{EF17A738-E7A2-4F3F-8DA6-51B49C47525E}.Debug|x64.Deploy.0 = Debug|x64
		{EF17A738-E7A2-4F3F-8DA6-51B49C47525E}.Debug|x86.ActiveCfg = Debug|x86
		{EF17A738-E7A2-4F3F-8DA6-51B49C47525E}.Debug|x86.Build.0 = Debug|x86
		{EF17A738-E7A2-4F3F-8DA6-51B49C47525E}.Debug|x86.Deploy.0 = Debug|x86
		{EF17A738-E7A2-4F3F-8DA6-51B49C47525E}.Release|Any CPU.ActiveCfg = Release|x64
		{EF17A738-E7A2-4F3F-8DA6-51B49C47525E}.Release|Any CPU.Build.0 = Release|x64
		{EF17A738-E7A2-4F3F-8DA6-51B49C47525E}.Release|Any CPU.Deploy.0 = Release|x64
		{EF17A738-E7A2-4F3F-8DA6-51B49C47525E}.Release|ARM.ActiveCfg = Release|ARM
		{EF17A738-E7A2-4F3F-8DA6-51B49C47525E}.Release|ARM.Build.0 = Release|ARM
		{EF17A738-E7A2-4F3F-8DA6-51B49C47525E}.Release|ARM.Deploy.0 = Release|ARM
		{EF17A738-E7A2-4F3F-8DA6-51B49C47525E}.Release|iPhone.ActiveCfg = Release|x64
		{EF17A738-E7A2-4F3F-8DA6-51B49C47525E}.Release|iPhone.Build.0 = Release|x64
		{EF17A738-E7A2-4F3F-8DA6-51B49C47525E}.Release|iPhone.Deploy.0 = Release|x64
		{EF17A738-E7A2-4F3F-8DA6-51B49C47525E}.Release|iPhoneSimulator.ActiveCfg = Release|x64
		{EF17A738-E7A2-4F3F-8DA6-51B49C47525E}.Release|iPhoneSimulator.Build.0 = Release|x64
		{EF17A738-E7A2-4F3F-8DA6-51B49C47525E}.Release|iPhoneSimulator.Deploy.0 = Release|x64
		{EF17A738-E7A2-4F3F-8DA6-51B49C47525E}.Release|x64.ActiveCfg = Release|x64
		{EF17A738-E7A2-4F3F-8DA6-51B49C47525E}.Release|x64.Build.0 = Release|x64
		{EF17A738-E7A2-4F3F-8DA6-51B49C47525E}.Release|x64.Deploy.0 = Release|x64
		{EF17A738-E7A2-4F3F-8DA6-51B49C47525E}.Release|x86.ActiveCfg = Release|x86
		{EF17A738-E7A2-4F3F-8DA6-51B49C47525E}.Release|x86.Build.0 = Release|x86
		{EF17A738-E7A2-4F3F-8DA6-51B49C47525E}.Release|x86.Deploy.0 = Release|x86
		{801569D7-2B31-4567-A00A-15DA44BD54F7}.Debug|Any CPU.ActiveCfg = Debug|Any CPU
		{801569D7-2B31-4567-A00A-15DA44BD54F7}.Debug|Any CPU.Build.0 = Debug|Any CPU
		{801569D7-2B31-4567-A00A-15DA44BD54F7}.Debug|Any CPU.Deploy.0 = Debug|Any CPU
		{801569D7-2B31-4567-A00A-15DA44BD54F7}.Debug|ARM.ActiveCfg = Debug|Any CPU
		{801569D7-2B31-4567-A00A-15DA44BD54F7}.Debug|ARM.Build.0 = Debug|Any CPU
		{801569D7-2B31-4567-A00A-15DA44BD54F7}.Debug|ARM.Deploy.0 = Debug|Any CPU
		{801569D7-2B31-4567-A00A-15DA44BD54F7}.Debug|iPhone.ActiveCfg = Debug|Any CPU
		{801569D7-2B31-4567-A00A-15DA44BD54F7}.Debug|iPhone.Build.0 = Debug|Any CPU
		{801569D7-2B31-4567-A00A-15DA44BD54F7}.Debug|iPhone.Deploy.0 = Debug|Any CPU
		{801569D7-2B31-4567-A00A-15DA44BD54F7}.Debug|iPhoneSimulator.ActiveCfg = Debug|Any CPU
		{801569D7-2B31-4567-A00A-15DA44BD54F7}.Debug|iPhoneSimulator.Build.0 = Debug|Any CPU
		{801569D7-2B31-4567-A00A-15DA44BD54F7}.Debug|iPhoneSimulator.Deploy.0 = Debug|Any CPU
		{801569D7-2B31-4567-A00A-15DA44BD54F7}.Debug|x64.ActiveCfg = Debug|Any CPU
		{801569D7-2B31-4567-A00A-15DA44BD54F7}.Debug|x64.Build.0 = Debug|Any CPU
		{801569D7-2B31-4567-A00A-15DA44BD54F7}.Debug|x64.Deploy.0 = Debug|Any CPU
		{801569D7-2B31-4567-A00A-15DA44BD54F7}.Debug|x86.ActiveCfg = Debug|Any CPU
		{801569D7-2B31-4567-A00A-15DA44BD54F7}.Debug|x86.Build.0 = Debug|Any CPU
		{801569D7-2B31-4567-A00A-15DA44BD54F7}.Debug|x86.Deploy.0 = Debug|Any CPU
		{801569D7-2B31-4567-A00A-15DA44BD54F7}.Release|Any CPU.ActiveCfg = Release|Any CPU
		{801569D7-2B31-4567-A00A-15DA44BD54F7}.Release|Any CPU.Build.0 = Release|Any CPU
		{801569D7-2B31-4567-A00A-15DA44BD54F7}.Release|Any CPU.Deploy.0 = Release|Any CPU
		{801569D7-2B31-4567-A00A-15DA44BD54F7}.Release|ARM.ActiveCfg = Release|Any CPU
		{801569D7-2B31-4567-A00A-15DA44BD54F7}.Release|ARM.Build.0 = Release|Any CPU
		{801569D7-2B31-4567-A00A-15DA44BD54F7}.Release|ARM.Deploy.0 = Release|Any CPU
		{801569D7-2B31-4567-A00A-15DA44BD54F7}.Release|iPhone.ActiveCfg = Release|Any CPU
		{801569D7-2B31-4567-A00A-15DA44BD54F7}.Release|iPhone.Build.0 = Release|Any CPU
		{801569D7-2B31-4567-A00A-15DA44BD54F7}.Release|iPhone.Deploy.0 = Release|Any CPU
		{801569D7-2B31-4567-A00A-15DA44BD54F7}.Release|iPhoneSimulator.ActiveCfg = Release|Any CPU
		{801569D7-2B31-4567-A00A-15DA44BD54F7}.Release|iPhoneSimulator.Build.0 = Release|Any CPU
		{801569D7-2B31-4567-A00A-15DA44BD54F7}.Release|iPhoneSimulator.Deploy.0 = Release|Any CPU
		{801569D7-2B31-4567-A00A-15DA44BD54F7}.Release|x64.ActiveCfg = Release|Any CPU
		{801569D7-2B31-4567-A00A-15DA44BD54F7}.Release|x64.Build.0 = Release|Any CPU
		{801569D7-2B31-4567-A00A-15DA44BD54F7}.Release|x64.Deploy.0 = Release|Any CPU
		{801569D7-2B31-4567-A00A-15DA44BD54F7}.Release|x86.ActiveCfg = Release|Any CPU
		{801569D7-2B31-4567-A00A-15DA44BD54F7}.Release|x86.Build.0 = Release|Any CPU
		{801569D7-2B31-4567-A00A-15DA44BD54F7}.Release|x86.Deploy.0 = Release|Any CPU
		{616FB006-2564-4470-B542-9F540FA1C98F}.Debug|Any CPU.ActiveCfg = Debug|iPhoneSimulator
		{616FB006-2564-4470-B542-9F540FA1C98F}.Debug|Any CPU.Build.0 = Debug|iPhoneSimulator
		{616FB006-2564-4470-B542-9F540FA1C98F}.Debug|Any CPU.Deploy.0 = Debug|iPhoneSimulator
		{616FB006-2564-4470-B542-9F540FA1C98F}.Debug|ARM.ActiveCfg = Debug|iPhoneSimulator
		{616FB006-2564-4470-B542-9F540FA1C98F}.Debug|ARM.Build.0 = Debug|iPhoneSimulator
		{616FB006-2564-4470-B542-9F540FA1C98F}.Debug|ARM.Deploy.0 = Debug|iPhoneSimulator
		{616FB006-2564-4470-B542-9F540FA1C98F}.Debug|iPhone.ActiveCfg = Debug|iPhone
		{616FB006-2564-4470-B542-9F540FA1C98F}.Debug|iPhone.Build.0 = Debug|iPhone
		{616FB006-2564-4470-B542-9F540FA1C98F}.Debug|iPhone.Deploy.0 = Debug|iPhone
		{616FB006-2564-4470-B542-9F540FA1C98F}.Debug|iPhoneSimulator.ActiveCfg = Debug|iPhoneSimulator
		{616FB006-2564-4470-B542-9F540FA1C98F}.Debug|iPhoneSimulator.Build.0 = Debug|iPhoneSimulator
		{616FB006-2564-4470-B542-9F540FA1C98F}.Debug|iPhoneSimulator.Deploy.0 = Debug|iPhoneSimulator
		{616FB006-2564-4470-B542-9F540FA1C98F}.Debug|x64.ActiveCfg = Debug|iPhone
		{616FB006-2564-4470-B542-9F540FA1C98F}.Debug|x64.Build.0 = Debug|iPhone
		{616FB006-2564-4470-B542-9F540FA1C98F}.Debug|x64.Deploy.0 = Debug|iPhone
		{616FB006-2564-4470-B542-9F540FA1C98F}.Debug|x86.ActiveCfg = Debug|iPhoneSimulator
		{616FB006-2564-4470-B542-9F540FA1C98F}.Debug|x86.Build.0 = Debug|iPhoneSimulator
		{616FB006-2564-4470-B542-9F540FA1C98F}.Debug|x86.Deploy.0 = Debug|iPhoneSimulator
		{616FB006-2564-4470-B542-9F540FA1C98F}.Release|Any CPU.ActiveCfg = Release|iPhoneSimulator
		{616FB006-2564-4470-B542-9F540FA1C98F}.Release|Any CPU.Build.0 = Release|iPhoneSimulator
		{616FB006-2564-4470-B542-9F540FA1C98F}.Release|Any CPU.Deploy.0 = Release|iPhoneSimulator
		{616FB006-2564-4470-B542-9F540FA1C98F}.Release|ARM.ActiveCfg = Release|iPhoneSimulator
		{616FB006-2564-4470-B542-9F540FA1C98F}.Release|ARM.Build.0 = Release|iPhoneSimulator
		{616FB006-2564-4470-B542-9F540FA1C98F}.Release|ARM.Deploy.0 = Release|iPhoneSimulator
		{616FB006-2564-4470-B542-9F540FA1C98F}.Release|iPhone.ActiveCfg = Release|iPhone
		{616FB006-2564-4470-B542-9F540FA1C98F}.Release|iPhone.Build.0 = Release|iPhone
		{616FB006-2564-4470-B542-9F540FA1C98F}.Release|iPhone.Deploy.0 = Release|iPhone
		{616FB006-2564-4470-B542-9F540FA1C98F}.Release|iPhoneSimulator.ActiveCfg = Release|iPhoneSimulator
		{616FB006-2564-4470-B542-9F540FA1C98F}.Release|iPhoneSimulator.Build.0 = Release|iPhoneSimulator
		{616FB006-2564-4470-B542-9F540FA1C98F}.Release|iPhoneSimulator.Deploy.0 = Release|iPhoneSimulator
		{616FB006-2564-4470-B542-9F540FA1C98F}.Release|x64.ActiveCfg = Release|iPhoneSimulator
		{616FB006-2564-4470-B542-9F540FA1C98F}.Release|x64.Build.0 = Release|iPhoneSimulator
		{616FB006-2564-4470-B542-9F540FA1C98F}.Release|x64.Deploy.0 = Release|iPhoneSimulator
		{616FB006-2564-4470-B542-9F540FA1C98F}.Release|x86.ActiveCfg = Release|iPhoneSimulator
		{616FB006-2564-4470-B542-9F540FA1C98F}.Release|x86.Build.0 = Release|iPhoneSimulator
		{616FB006-2564-4470-B542-9F540FA1C98F}.Release|x86.Deploy.0 = Release|iPhoneSimulator
		{2A8368E7-7937-4B8C-96C3-8C9AB3D1A3A4}.Debug|Any CPU.ActiveCfg = Debug|Any CPU
		{2A8368E7-7937-4B8C-96C3-8C9AB3D1A3A4}.Debug|Any CPU.Build.0 = Debug|Any CPU
		{2A8368E7-7937-4B8C-96C3-8C9AB3D1A3A4}.Debug|Any CPU.Deploy.0 = Debug|Any CPU
		{2A8368E7-7937-4B8C-96C3-8C9AB3D1A3A4}.Debug|ARM.ActiveCfg = Debug|Any CPU
		{2A8368E7-7937-4B8C-96C3-8C9AB3D1A3A4}.Debug|ARM.Build.0 = Debug|Any CPU
		{2A8368E7-7937-4B8C-96C3-8C9AB3D1A3A4}.Debug|ARM.Deploy.0 = Debug|Any CPU
		{2A8368E7-7937-4B8C-96C3-8C9AB3D1A3A4}.Debug|iPhone.ActiveCfg = Debug|Any CPU
		{2A8368E7-7937-4B8C-96C3-8C9AB3D1A3A4}.Debug|iPhone.Build.0 = Debug|Any CPU
		{2A8368E7-7937-4B8C-96C3-8C9AB3D1A3A4}.Debug|iPhone.Deploy.0 = Debug|Any CPU
		{2A8368E7-7937-4B8C-96C3-8C9AB3D1A3A4}.Debug|iPhoneSimulator.ActiveCfg = Debug|Any CPU
		{2A8368E7-7937-4B8C-96C3-8C9AB3D1A3A4}.Debug|iPhoneSimulator.Build.0 = Debug|Any CPU
		{2A8368E7-7937-4B8C-96C3-8C9AB3D1A3A4}.Debug|iPhoneSimulator.Deploy.0 = Debug|Any CPU
		{2A8368E7-7937-4B8C-96C3-8C9AB3D1A3A4}.Debug|x64.ActiveCfg = Debug|Any CPU
		{2A8368E7-7937-4B8C-96C3-8C9AB3D1A3A4}.Debug|x64.Build.0 = Debug|Any CPU
		{2A8368E7-7937-4B8C-96C3-8C9AB3D1A3A4}.Debug|x64.Deploy.0 = Debug|Any CPU
		{2A8368E7-7937-4B8C-96C3-8C9AB3D1A3A4}.Debug|x86.ActiveCfg = Debug|Any CPU
		{2A8368E7-7937-4B8C-96C3-8C9AB3D1A3A4}.Debug|x86.Build.0 = Debug|Any CPU
		{2A8368E7-7937-4B8C-96C3-8C9AB3D1A3A4}.Debug|x86.Deploy.0 = Debug|Any CPU
		{2A8368E7-7937-4B8C-96C3-8C9AB3D1A3A4}.Release|Any CPU.ActiveCfg = Release|Any CPU
		{2A8368E7-7937-4B8C-96C3-8C9AB3D1A3A4}.Release|Any CPU.Build.0 = Release|Any CPU
		{2A8368E7-7937-4B8C-96C3-8C9AB3D1A3A4}.Release|Any CPU.Deploy.0 = Release|Any CPU
		{2A8368E7-7937-4B8C-96C3-8C9AB3D1A3A4}.Release|ARM.ActiveCfg = Release|Any CPU
		{2A8368E7-7937-4B8C-96C3-8C9AB3D1A3A4}.Release|ARM.Build.0 = Release|Any CPU
		{2A8368E7-7937-4B8C-96C3-8C9AB3D1A3A4}.Release|ARM.Deploy.0 = Release|Any CPU
		{2A8368E7-7937-4B8C-96C3-8C9AB3D1A3A4}.Release|iPhone.ActiveCfg = Release|Any CPU
		{2A8368E7-7937-4B8C-96C3-8C9AB3D1A3A4}.Release|iPhone.Build.0 = Release|Any CPU
		{2A8368E7-7937-4B8C-96C3-8C9AB3D1A3A4}.Release|iPhone.Deploy.0 = Release|Any CPU
		{2A8368E7-7937-4B8C-96C3-8C9AB3D1A3A4}.Release|iPhoneSimulator.ActiveCfg = Release|Any CPU
		{2A8368E7-7937-4B8C-96C3-8C9AB3D1A3A4}.Release|iPhoneSimulator.Build.0 = Release|Any CPU
		{2A8368E7-7937-4B8C-96C3-8C9AB3D1A3A4}.Release|iPhoneSimulator.Deploy.0 = Release|Any CPU
		{2A8368E7-7937-4B8C-96C3-8C9AB3D1A3A4}.Release|x64.ActiveCfg = Release|Any CPU
		{2A8368E7-7937-4B8C-96C3-8C9AB3D1A3A4}.Release|x64.Build.0 = Release|Any CPU
		{2A8368E7-7937-4B8C-96C3-8C9AB3D1A3A4}.Release|x64.Deploy.0 = Release|Any CPU
		{2A8368E7-7937-4B8C-96C3-8C9AB3D1A3A4}.Release|x86.ActiveCfg = Release|Any CPU
		{2A8368E7-7937-4B8C-96C3-8C9AB3D1A3A4}.Release|x86.Build.0 = Release|Any CPU
		{2A8368E7-7937-4B8C-96C3-8C9AB3D1A3A4}.Release|x86.Deploy.0 = Release|Any CPU
	EndGlobalSection
	GlobalSection(SolutionProperties) = preSolution
		HideSolutionNode = FALSE
	EndGlobalSection
	GlobalSection(ExtensibilityGlobals) = postSolution
		SolutionGuid = {2011217D-F871-4C7A-8EE5-513E8B5AF7D0}
	EndGlobalSection
EndGlobal
